Microsoft Visual Studio Solution File, Format Version 12.00
# Visual Studio Version 17
VisualStudioVersion = 17.13.35931.197
MinimumVisualStudioVersion = 10.0.40219.1
Project("{FAE04EC0-301F-11D3-BF4B-00C04F79EFBC}") = "BlazingTaskManager.Client", "BlazingTaskManager.Client\BlazingTaskManager.Client.csproj", "{7A95E52D-A58A-4C83-8CD3-B3231357116C}"
EndProject
Project("{FAE04EC0-301F-11D3-BF4B-00C04F79EFBC}") = "BlazingTaskManager.Shared", "BlazingTaskManager.Shared\BlazingTaskManager.Shared.csproj", "{B05EFCEC-2300-4289-9743-7DA524B28234}"
EndProject
Project("{FAE04EC0-301F-11D3-BF4B-00C04F79EFBC}") = "BlazingTaskManager.AuthenticationAPI", "BlazingTaskManager.AuthenticationAPI\BlazingTaskManager.AuthenticationAPI.csproj", "{E5F4F5C7-5996-4239-AD15-B589C8D3B8D9}"
EndProject
Global
	GlobalSection(SolutionConfigurationPlatforms) = preSolution
		Debug|Any CPU = Debug|Any CPU
		Release|Any CPU = Release|Any CPU
	EndGlobalSection
	GlobalSection(ProjectConfigurationPlatforms) = postSolution
		{7A95E52D-A58A-4C83-8CD3-B3231357116C}.Debug|Any CPU.ActiveCfg = Debug|Any CPU
		{7A95E52D-A58A-4C83-8CD3-B3231357116C}.Debug|Any CPU.Build.0 = Debug|Any CPU
		{7A95E52D-A58A-4C83-8CD3-B3231357116C}.Release|Any CPU.ActiveCfg = Release|Any CPU
		{7A95E52D-A58A-4C83-8CD3-B3231357116C}.Release|Any CPU.Build.0 = Release|Any CPU
		{B05EFCEC-2300-4289-9743-7DA524B28234}.Debug|Any CPU.ActiveCfg = Debug|Any CPU
		{B05EFCEC-2300-4289-9743-7DA524B28234}.Debug|Any CPU.Build.0 = Debug|Any CPU
		{B05EFCEC-2300-4289-9743-7DA524B28234}.Release|Any CPU.ActiveCfg = Release|Any CPU
		{B05EFCEC-2300-4289-9743-7DA524B28234}.Release|Any CPU.Build.0 = Release|Any CPU
		{E5F4F5C7-5996-4239-AD15-B589C8D3B8D9}.Debug|Any CPU.ActiveCfg = Debug|Any CPU
		{E5F4F5C7-5996-4239-AD15-B589C8D3B8D9}.Debug|Any CPU.Build.0 = Debug|Any CPU
		{E5F4F5C7-5996-4239-AD15-B589C8D3B8D9}.Release|Any CPU.ActiveCfg = Release|Any CPU
		{E5F4F5C7-5996-4239-AD15-B589C8D3B8D9}.Release|Any CPU.Build.0 = Release|Any CPU
	EndGlobalSection
	GlobalSection(SolutionProperties) = preSolution
		HideSolutionNode = FALSE
	EndGlobalSection
	GlobalSection(ExtensibilityGlobals) = postSolution
		SolutionGuid = {E60116DA-E226-4D68-969A-A1894F153C64}
	EndGlobalSection
EndGlobal
